dependencies:
- name: common
  repository: https://charts.bitnami.com/bitnami
  version: 2.13.3
- name: postgresql
  repository: https://charts.bitnami.com/bitnami
  version: 13.1.5
- name: redis
  repository: https://charts.bitnami.com/bitnami
  version: 18.1.5
- name: minio
  repository: https://charts.bitnami.com/bitnami
  version: 12.8.18
digest: sha256:78455a779bbe505e63d07b8b509da658e38a55312dab9abe4caf4aa89dd4333a
generated: "2023-10-31T01:32:38.9778985+09:00"
