dependencies:
- name: common
  repository: https://charts.bitnami.com/bitnami
  version: 2.23.0
- name: postgresql
  repository: https://charts.bitnami.com/bitnami
  version: 13.4.4
- name: redis
  repository: https://charts.bitnami.com/bitnami
  version: 18.19.4
- name: minio
  repository: https://charts.bitnami.com/bitnami
  version: 12.13.2
digest: sha256:e9b50443455601b426baf384170ab1142fb6b57b98b9b065db867b94e92bcba0
generated: "2024-09-23T11:05:03.036516978+09:00"
