dependencies:
- name: common
  repository: oci://registry-1.docker.io/bitnamicharts
  version: 2.13.3
- name: postgresql
  repository: https://charts.bitnami.com/bitnami
  version: 13.1.5
- name: redis
  repository: https://charts.bitnami.com/bitnami
  version: 18.1.5
digest: sha256:e5f843ecb23ea7ec63b7fd9ee620df2499337e2b49101bcec08c743fcfc32eff
generated: "2023-10-21T02:43:18.5018155+09:00"
