dependencies:
- name: common
  repository: oci://registry-1.docker.io/bitnamicharts
  version: 2.13.3
- name: postgresql
  repository: https://charts.bitnami.com/bitnami
  version: 13.1.5
- name: redis
  repository: https://charts.bitnami.com/bitnami
  version: 18.1.5
- name: minio
  repository: https://charts.bitnami.com/bitnami
  version: 12.8.18
digest: sha256:b8e5eabc4aa5344798f29bb25a07e653f9a905862801e32a129788f63c6e6484
generated: "2023-10-30T21:04:59.965216418+09:00"
